
Microsoft Visual Studio Solution File, Format Version 12.00
# Visual Studio Version 16
VisualStudioVersion = 16.0.30503.244
MinimumVisualStudioVersion = 10.0.40219.1
Project("{8BC9CEB8-8B4A-11D0-8D11-00A0C91BC942}") = "BankClassLib", "BankClassLib\BankClassLib.vcxproj", "{898364B8-C495-4569-B8D6-12D0F2B7A748}"
EndProject
Global
	GlobalSection(SolutionConfigurationPlatforms) = preSolution
		Debug|x64 = Debug|x64
		Debug|x86 = Debug|x86
		Release|x64 = Release|x64
		Release|x86 = Release|x86
	EndGlobalSection
	GlobalSection(ProjectConfigurationPlatforms) = postSolution
		{898364B8-C495-4569-B8D6-12D0F2B7A748}.Debug|x64.ActiveCfg = Debug|x64
		{898364B8-C495-4569-B8D6-12D0F2B7A748}.Debug|x64.Build.0 = Debug|x64
		{898364B8-C495-4569-B8D6-12D0F2B7A748}.Debug|x86.ActiveCfg = Debug|Win32
		{898364B8-C495-4569-B8D6-12D0F2B7A748}.Debug|x86.Build.0 = Debug|Win32
		{898364B8-C495-4569-B8D6-12D0F2B7A748}.Release|x64.ActiveCfg = Release|x64
		{898364B8-C495-4569-B8D6-12D0F2B7A748}.Release|x64.Build.0 = Release|x64
		{898364B8-C495-4569-B8D6-12D0F2B7A748}.Release|x86.ActiveCfg = Release|Win32
		{898364B8-C495-4569-B8D6-12D0F2B7A748}.Release|x86.Build.0 = Release|Win32
	EndGlobalSection
	GlobalSection(SolutionProperties) = preSolution
		HideSolutionNode = FALSE
	EndGlobalSection
	GlobalSection(ExtensibilityGlobals) = postSolution
		SolutionGuid = {AA081E95-4630-4A4E-B17B-C8E3C78EC512}
	EndGlobalSection
EndGlobal
